
Microsoft Visual Studio Solution File, Format Version 12.00
# Visual Studio Version 16
VisualStudioVersion = 16.0.30804.86
MinimumVisualStudioVersion = 15.0.26124.0
Project("{2150E333-8FDC-42A3-9474-1A3956D46DE8}") = "src", "src", "{C044D709-8CEB-4EC6-9A7B-4EE311EAF932}"
EndProject
Project("{FAE04EC0-301F-11D3-BF4B-00C04F79EFBC}") = "ModulePlayer", "ModulePlayer\ModulePlayer.csproj", "{AF008C24-945A-4FC9-BE3E-E7286D089D74}"
EndProject
Global
	GlobalSection(SolutionConfigurationPlatforms) = preSolution
		Debug|Any CPU = Debug|Any CPU
		Release|Any CPU = Release|Any CPU
	EndGlobalSection
	GlobalSection(ProjectConfigurationPlatforms) = postSolution
		{AF008C24-945A-4FC9-BE3E-E7286D089D74}.Debug|Any CPU.ActiveCfg = Debug|Any CPU
		{AF008C24-945A-4FC9-BE3E-E7286D089D74}.Debug|Any CPU.Build.0 = Debug|Any CPU
		{AF008C24-945A-4FC9-BE3E-E7286D089D74}.Release|Any CPU.ActiveCfg = Release|Any CPU
		{AF008C24-945A-4FC9-BE3E-E7286D089D74}.Release|Any CPU.Build.0 = Release|Any CPU
	EndGlobalSection
	GlobalSection(SolutionProperties) = preSolution
		HideSolutionNode = FALSE
	EndGlobalSection
	GlobalSection(NestedProjects) = preSolution
		{AF008C24-945A-4FC9-BE3E-E7286D089D74} = {C044D709-8CEB-4EC6-9A7B-4EE311EAF932}
	EndGlobalSection
	GlobalSection(ExtensibilityGlobals) = postSolution
		SolutionGuid = {70A83FA8-6794-4250-8D9D-A02C7666EAA7}
	EndGlobalSection
EndGlobal
