# THIS IS AN AUTOGENERATED FILE. DO NOT EDIT THIS FILE DIRECTLY.
# yarn lockfile v1


arraybuffer-slice@0.1.2:
  version "0.1.2"
  resolved "https://registry.yarnpkg.com/arraybuffer-slice/-/arraybuffer-slice-0.1.2.tgz#19582c4b0d1b073eaba87af0b8a3be3b9a6098f7"
  integrity sha1-GVgsSw0bBz6rqHrwuKO+O5pgmPc=

js-polyfills@0.1.22:
  version "0.1.22"
  resolved "https://registry.yarnpkg.com/js-polyfills/-/js-polyfills-0.1.22.tgz#eacae1260a4682ded23e4f1ab432f5639bb22f1b"
  integrity sha1-6srhJgpGgt7SPk8atDL1Y5uyLxs=

text-encoding@0.6.0:
  version "0.6.0"
  resolved "https://registry.yarnpkg.com/text-encoding/-/text-encoding-0.6.0.tgz#7bfd681e71760cb11024661ac60477e2ab4e359a"
  integrity sha1-e/1oHnF2DLEQJGYaxgR34qtONZo=

tincanjs@^0.50.0:
  version "0.50.0"
  resolved "https://registry.yarnpkg.com/tincanjs/-/tincanjs-0.50.0.tgz#ae78ed0188b2a30bdba5a0313b38f9024695f4ec"
  integrity sha1-rnjtAYiyowvbpaAxOzj5AkaV9Ow=
  dependencies:
    arraybuffer-slice "0.1.2"
    js-polyfills "0.1.22"
    text-encoding "0.6.0"
    xhr2 "0.0.7"

xhr2@0.0.7:
  version "0.0.7"
  resolved "https://registry.yarnpkg.com/xhr2/-/xhr2-0.0.7.tgz#fcb61f704e80c3aabe424295479407c6072d25b3"
  integrity sha1-/LYfcE6Aw6q+QkKVR5QHxgctJbM=
